lockfileVersion: 5.4

specifiers:
  mjml: ^4.12.0

devDependencies:
  mjml: 4.12.0

packages:

  /@babel/runtime/7.18.6:
    resolution: {integrity: sha512-t9wi7/AW6XtKahAe20Yw0/mMljKq0B1r2fPdvaAdV/KPDZewFXdaaa6K7lxmZBZ8FBNpCiAT6iHPmd6QO9bKfQ==}
    engines: {node: '>=6.9.0'}
    dependencies:
      regenerator-runtime: 0.13.9
    dev: true

  /abbrev/1.1.1:
    resolution: {integrity: sha512-nne9/IiQ/hzIhY6pdDnbBtz7DjPTKrY00P/zvPSm5pOFkl6xuGrGnXn/VtTNNfNtAfZ9/1RtehkszU9qcTii0Q==}
    dev: true

  /ansi-colors/4.1.3:
    resolution: {integrity: sha512-/6w/C21Pm1A7aZitlI5Ni/2J6FFQN8i1Cvz3kHABAAbw93v/NlvKdVOqz7CCWz/3iv/JplRSEEZ83XION15ovw==}
    engines: {node: '>=6'}
    dev: true

  /ansi-regex/5.0.1:
    resolution: {integrity: sha512-quJQXlTSUGL2LH9SUXo8VwsY4soanhgo6LNSm84E1LBcE8s3O0wpdiRzyR9z/ZZJMlMWv37qOOb9pdJlMUEKFQ==}
    engines: {node: '>=8'}
    dev: true

  /ansi-styles/4.3.0:
    resolution: {integrity: sha512-zbB9rCJAT1rbjiVDb2hqKFHNYLxgtk8NURxZ3IZwD3F6NtxbXZQCnnSi1Lkx+IDohdPlFp222wVALIheZJQSEg==}
    engines: {node: '>=8'}
    dependencies:
      color-convert: 2.0.1
    dev: true

  /anymatch/3.1.2:
    resolution: {integrity: sha512-P43ePfOAIupkguHUycrc4qJ9kz8ZiuOUijaETwX7THt0Y/GNK7v0aa8rY816xWjZ7rJdA5XdMcpVFTKMq+RvWg==}
    engines: {node: '>= 8'}
    dependencies:
      normalize-path: 3.0.0
      picomatch: 2.3.1
    dev: true

  /balanced-match/1.0.2:
    resolution: {integrity: sha512-3oSeUO0TMV67hN1AmbXsK4yaqU7tjiHlbxRDZOpH0KW9+CeX4bRAaX0Anxt0tx2MrpRpWwQaPwIlISEJhYU5Pw==}
    dev: true

  /binary-extensions/2.2.0:
    resolution: {integrity: sha512-jDctJ/IVQbZoJykoeHbhXpOlNBqGNcwXJKJog42E5HDPUwQTSdjCHdihjj0DlnheQ7blbT6dHOafNAiS8ooQKA==}
    engines: {node: '>=8'}
    dev: true

  /boolbase/1.0.0:
    resolution: {integrity: sha512-JZOSA7Mo9sNGB8+UjSgzdLtokWAky1zbztM3WRLCbZ70/3cTANmQmOdR7y2g+J0e2WXywy1yS468tY+IruqEww==}
    dev: true

  /brace-expansion/1.1.11:
    resolution: {integrity: sha512-iCuPHDFgrHX7H2vEI/5xpz07zSHB00TpugqhmYtVmMO6518mCuRMoOYFldEBl0g187ufozdaHgWKcYFb61qGiA==}
    dependencies:
      balanced-match: 1.0.2
      concat-map: 0.0.1
    dev: true

  /braces/3.0.2:
    resolution: {integrity: sha512-b8um+L1RzM3WDSzvhm6gIz1yfTbBt6YTlcEKAvsmqCZZFw46z626lVj9j1yEPW33H5H+lBQpZMP1k8l+78Ha0A==}
    engines: {node: '>=8'}
    dependencies:
      fill-range: 7.0.1
    dev: true

  /camel-case/3.0.0:
    resolution: {integrity: sha512-+MbKztAYHXPr1jNTSKQF52VpcFjwY5RkR7fxksV8Doo4KAYc5Fl4UJRgthBbTmEx8C54DqahhbLJkDwjI3PI/w==}
    dependencies:
      no-case: 2.3.2
      upper-case: 1.1.3
    dev: true

  /cheerio-select/1.6.0:
    resolution: {integrity: sha512-eq0GdBvxVFbqWgmCm7M3XGs1I8oLy/nExUnh6oLqmBditPO9AqQJrkslDpMun/hZ0yyTs8L0m85OHp4ho6Qm9g==}
    dependencies:
      css-select: 4.3.0
      css-what: 6.1.0
      domelementtype: 2.3.0
      domhandler: 4.3.1
      domutils: 2.8.0
    dev: true

  /cheerio/1.0.0-rc.10:
    resolution: {integrity: sha512-g0J0q/O6mW8z5zxQ3A8E8J1hUgp4SMOvEoW/x84OwyHKe/Zccz83PVT4y5Crcr530FV6NgmKI1qvGTKVl9XXVw==}
    engines: {node: '>= 6'}
    dependencies:
      cheerio-select: 1.6.0
      dom-serializer: 1.4.1
      domhandler: 4.3.1
      htmlparser2: 6.1.0
      parse5: 6.0.1
      parse5-htmlparser2-tree-adapter: 6.0.1
      tslib: 2.4.0
    dev: true

  /chokidar/3.5.3:
    resolution: {integrity: sha512-Dr3sfKRP6oTcjf2JmUmFJfeVMvXBdegxB0iVQ5eb2V10uFJUCAS8OByZdVAyVb8xXNz3GjjTgj9kLWsZTqE6kw==}
    engines: {node: '>= 8.10.0'}
    dependencies:
      anymatch: 3.1.2
      braces: 3.0.2
      glob-parent: 5.1.2
      is-binary-path: 2.1.0
      is-glob: 4.0.3
      normalize-path: 3.0.0
      readdirp: 3.6.0
    optionalDependencies:
      fsevents: 2.3.2
    dev: true

  /clean-css/4.2.4:
    resolution: {integrity: sha512-EJUDT7nDVFDvaQgAo2G/PJvxmp1o/c6iXLbswsBbUFXi1Nr+AjA2cKmfbKDMjMvzEe75g3P6JkaDDAKk96A85A==}
    engines: {node: '>= 4.0'}
    dependencies:
      source-map: 0.6.1
    dev: true

  /cliui/7.0.4:
    resolution: {integrity: sha512-OcRE68cOsVMXp1Yvonl/fzkQOyjLSu/8bhPDfQt0e0/Eb283TKP20Fs2MqoPsr9SwA595rRCA+QMzYc9nBP+JQ==}
    dependencies:
      string-width: 4.2.3
      strip-ansi: 6.0.1
      wrap-ansi: 7.0.0
    dev: true

  /color-convert/2.0.1:
    resolution: {integrity: sha512-RRECPsj7iu/xb5oKYcsFHSppFNnsj/52OVTRKb4zP5onXwVF3zVmmToNcOfGC+CRDpfK/U584fMg38ZHCaElKQ==}
    engines: {node: '>=7.0.0'}
    dependencies:
      color-name: 1.1.4
    dev: true

  /color-name/1.1.4:
    resolution: {integrity: sha512-dOy+3AuW3a2wNbZHIuMZpTcgjGuLU/uBL/ubcZF9OXbDo8ff4O8yVp5Bf0efS8uEoYo5q4Fx7dY9OgQGXgAsQA==}
    dev: true

  /commander/2.20.3:
    resolution: {integrity: sha512-GpVkmM8vF2vQUkj2LvZmD35JxeJOLCwJ9cUkugyk2nuhbv3+mJvpLYYt+0+USMxE+oj+ey/lJEnhZw75x/OMcQ==}
    dev: true

  /commander/5.1.0:
    resolution: {integrity: sha512-P0CysNDQ7rtVw4QIQtm+MRxV66vKFSvlsQvGYXZWR3qFU0jlMKHZZZgw8e+8DSah4UDKMqnknRDQz+xuQXQ/Zg==}
    engines: {node: '>= 6'}
    dev: true

  /concat-map/0.0.1:
    resolution: {integrity: sha1-2Klr13/Wjfd5OnMDajug1UBdR3s=}
    dev: true

  /config-chain/1.1.13:
    resolution: {integrity: sha512-qj+f8APARXHrM0hraqXYb2/bOVSV4PvJQlNZ/DVj0QrmNM2q2euizkeuVckQ57J+W0mRH6Hvi+k50M4Jul2VRQ==}
    dependencies:
      ini: 1.3.8
      proto-list: 1.2.4
    dev: true

  /css-select/4.3.0:
    resolution: {integrity: sha512-wPpOYtnsVontu2mODhA19JrqWxNsfdatRKd64kmpRbQgh1KtItko5sTnEpPdpSaJszTOhEMlF/RPz28qj4HqhQ==}
    dependencies:
      boolbase: 1.0.0
      css-what: 6.1.0
      domhandler: 4.3.1
      domutils: 2.8.0
      nth-check: 2.1.1
    dev: true

  /css-what/6.1.0:
    resolution: {integrity: sha512-HTUrgRJ7r4dsZKU6GjmpfRK1O76h97Z8MfS1G0FozR+oF2kG6Vfe8JE6zwrkbxigziPHinCJ+gCPjA9EaBDtRw==}
    engines: {node: '>= 6'}
    dev: true

  /detect-node/2.0.4:
    resolution: {integrity: sha512-ZIzRpLJrOj7jjP2miAtgqIfmzbxa4ZOr5jJc601zklsfEx9oTzmmj2nVpIPRpNlRTIh8lc1kyViIY7BWSGNmKw==}
    dev: true

  /dom-serializer/1.4.1:
    resolution: {integrity: sha512-VHwB3KfrcOOkelEG2ZOfxqLZdfkil8PtJi4P8N2MMXucZq2yLp75ClViUlOVwyoHEDjYU433Aq+5zWP61+RGag==}
    dependencies:
      domelementtype: 2.3.0
      domhandler: 4.3.1
      entities: 2.2.0
    dev: true

  /domelementtype/2.3.0:
    resolution: {integrity: sha512-OLETBj6w0OsagBwdXnPdN0cnMfF9opN69co+7ZrbfPGrdpPVNBUj02spi6B1N7wChLQiPn4CSH/zJvXw56gmHw==}
    dev: true

  /domhandler/3.3.0:
    resolution: {integrity: sha512-J1C5rIANUbuYK+FuFL98650rihynUOEzRLxW+90bKZRWB6A1X1Tf82GxR1qAWLyfNPRvjqfip3Q5tdYlmAa9lA==}
    engines: {node: '>= 4'}
    dependencies:
      domelementtype: 2.3.0
    dev: true

  /domhandler/4.3.1:
    resolution: {integrity: sha512-GrwoxYN+uWlzO8uhUXRl0P+kHE4GtVPfYzVLcUxPL7KNdHKj66vvlhiweIHqYYXWlw+T8iLMp42Lm67ghw4WMQ==}
    engines: {node: '>= 4'}
    dependencies:
      domelementtype: 2.3.0
    dev: true

  /domutils/2.8.0:
    resolution: {integrity: sha512-w96Cjofp72M5IIhpjgobBimYEfoPjx1Vx0BSX9P30WBdZW2WIKU0T1Bd0kz2eNZ9ikjKgHbEyKx8BB6H1L3h3A==}
    dependencies:
      dom-serializer: 1.4.1
      domelementtype: 2.3.0
      domhandler: 4.3.1
    dev: true

  /editorconfig/0.15.3:
    resolution: {integrity: sha512-M9wIMFx96vq0R4F+gRpY3o2exzb8hEj/n9S8unZtHSvYjibBp/iMufSzvmOcV/laG0ZtuTVGtiJggPOSW2r93g==}
    hasBin: true
    dependencies:
      commander: 2.20.3
      lru-cache: 4.1.5
      semver: 5.7.1
      sigmund: 1.0.1
    dev: true

  /emoji-regex/8.0.0:
    resolution: {integrity: sha512-MSjYzcWNOA0ewAHpz0MxpYFvwg6yjy1NG3xteoqz644VCo/RPgnr1/GGt+ic3iJTzQ8Eu3TdM14SawnVUmGE6A==}
    dev: true

  /entities/2.2.0:
    resolution: {integrity: sha512-p92if5Nz619I0w+akJrLZH0MX0Pb5DX39XOwQTtXSdQQOaYH03S1uIQp4mhOZtAXrxq4ViO67YTiLBo2638o9A==}
    dev: true

  /escalade/3.1.1:
    resolution: {integrity: sha512-k0er2gUkLf8O0zKJiAhmkTnJlTvINGv7ygDNPbeIsX/TJjGJZHuh9B2UxbsaEkmlEo9MfhrSzmhIlhRlI2GXnw==}
    engines: {node: '>=6'}
    dev: true

  /escape-goat/3.0.0:
    resolution: {integrity: sha512-w3PwNZJwRxlp47QGzhuEBldEqVHHhh8/tIPcl6ecf2Bou99cdAt0knihBV0Ecc7CGxYduXVBDheH1K2oADRlvw==}
    engines: {node: '>=10'}
    dev: true

  /fill-range/7.0.1:
    resolution: {integrity: sha512-qOo9F+dMUmC2Lcb4BbVvnKJxTPjCm+RRpe4gDuGrzkL7mEVl/djYSu2OdQ2Pa302N4oqkSg9ir6jaLWJ2USVpQ==}
    engines: {node: '>=8'}
    dependencies:
      to-regex-range: 5.0.1
    dev: true

  /fs.realpath/1.0.0:
    resolution: {integrity: sha512-OO0pH2lK6a0hZnAdau5ItzHPI6pUlvI7jMVnxUQRtw4owF2wk8lOSabtGDCTP4Ggrg2MbGnWO9X8K1t4+fGMDw==}
    dev: true

  /fsevents/2.3.2:
    resolution: {integrity: sha512-xiqMQR4xAeHTuB9uWm+fFRcIOgKBMiOBP+eXiyT7jsgVCq1bkVygt00oASowB7EdtpOHaaPgKt812P9ab+DDKA==}
    engines: {node: ^8.16.0 || ^10.6.0 || >=11.0.0}
    os: [darwin]
    requiresBuild: true
    dev: true
    optional: true

  /get-caller-file/2.0.5:
    resolution: {integrity: sha512-DyFP3BM/3YHTQOCUL/w0OZHR0lpKeGrxotcHWcqNEdnltqFwXVfhEBQ94eIo34AfQpo0rGki4cyIiftY06h2Fg==}
    engines: {node: 6.* || 8.* || >= 10.*}
    dev: true

  /glob-parent/5.1.2:
    resolution: {integrity: sha512-AOIgSQCepiJYwP3ARnGx+5VnTu2HBYdzbGP45eLw1vr3zB3vZLeyed1sC9hnbcOc9/SrMyM5RPQrkGz4aS9Zow==}
    engines: {node: '>= 6'}
    dependencies:
      is-glob: 4.0.3
    dev: true

  /glob/7.2.3:
    resolution: {integrity: sha512-nFR0zLpU2YCaRxwoCJvL6UvCH2JFyFVIvwTLsIf21AuHlMskA1hhTdk+LlYJtOlYt9v6dvszD2BGRqBL+iQK9Q==}
    dependencies:
      fs.realpath: 1.0.0
      inflight: 1.0.6
      inherits: 2.0.4
      minimatch: 3.1.2
      once: 1.4.0
      path-is-absolute: 1.0.1
    dev: true

  /he/1.2.0:
    resolution: {integrity: sha512-F/1DnUGPopORZi0ni+CvrCgHQ5FyEAHRLSApuYWMmrbSwoN2Mn/7k+Gl38gJnR7yyDZk6WLXwiGod1JOWNDKGw==}
    hasBin: true
    dev: true

  /html-minifier/4.0.0:
    resolution: {integrity: sha512-aoGxanpFPLg7MkIl/DDFYtb0iWz7jMFGqFhvEDZga6/4QTjneiD8I/NXL1x5aaoCp7FSIT6h/OhykDdPsbtMig==}
    engines: {node: '>=6'}
    hasBin: true
    dependencies:
      camel-case: 3.0.0
      clean-css: 4.2.4
      commander: 2.20.3
      he: 1.2.0
      param-case: 2.1.1
      relateurl: 0.2.7
      uglify-js: 3.16.2
    dev: true

  /htmlparser2/4.1.0:
    resolution: {integrity: sha512-4zDq1a1zhE4gQso/c5LP1OtrhYTncXNSpvJYtWJBtXAETPlMfi3IFNjGuQbYLuVY4ZR0QMqRVvo4Pdy9KLyP8Q==}
    dependencies:
      domelementtype: 2.3.0
      domhandler: 3.3.0
      domutils: 2.8.0
      entities: 2.2.0
    dev: true

  /htmlparser2/6.1.0:
    resolution: {integrity: sha512-gyyPk6rgonLFEDGoeRgQNaEUvdJ4ktTmmUh/h2t7s+M8oPpIPxgNACWa+6ESR57kXstwqPiCut0V8NRpcwgU7A==}
    dependencies:
      domelementtype: 2.3.0
      domhandler: 4.3.1
      domutils: 2.8.0
      entities: 2.2.0
    dev: true

  /inflight/1.0.6:
    resolution: {integrity: sha512-k92I/b08q4wvFscXCLvqfsHCrjrF7yiXsQuIVvVE7N82W3+aqpzuUdBbfhWcy/FZR3/4IgflMgKLOsvPDrGCJA==}
    dependencies:
      once: 1.4.0
      wrappy: 1.0.2
    dev: true

  /inherits/2.0.4:
    resolution: {integrity: sha512-k/vGaX4/Yla3WzyMCvTQOXYeIHvqOKtnqBduzTHpzpQZzAskKMhZ2K+EnBiSM9zGSoIFeMpXKxa4dYeZIQqewQ==}
    dev: true

  /ini/1.3.8:
    resolution: {integrity: sha512-JV/yugV2uzW5iMRSiZAyDtQd+nxtUnjeLt0acNdw98kKLrvuRVyB80tsREOE7yvGVgalhZ6RNXCmEHkUKBKxew==}
    dev: true

  /is-binary-path/2.1.0:
    resolution: {integrity: sha512-ZMERYes6pDydyuGidse7OsHxtbI7WVeUEozgR/g7rd0xUimYNlvZRE/K2MgZTjWy725IfelLeVcEM97mmtRGXw==}
    engines: {node: '>=8'}
    dependencies:
      binary-extensions: 2.2.0
    dev: true

  /is-extglob/2.1.1:
    resolution: {integrity: sha512-SbKbANkN603Vi4jEZv49LeVJMn4yGwsbzZworEoyEiutsN3nJYdbO36zfhGJ6QEDpOZIFkDtnq5JRxmvl3jsoQ==}
    engines: {node: '>=0.10.0'}
    dev: true

  /is-fullwidth-code-point/3.0.0:
    resolution: {integrity: sha512-zymm5+u+sCsSWyD9qNaejV3DFvhCKclKdizYaJUuHA83RLjb7nSuGnddCHGv0hk+KY7BMAlsWeK4Ueg6EV6XQg==}
    engines: {node: '>=8'}
    dev: true

  /is-glob/4.0.3:
    resolution: {integrity: sha512-xelSayHH36ZgE7ZWhli7pW34hNbNl8Ojv5KVmkJD4hBdD3th8Tfk9vYasLM+mXWOZhFkgZfxhLSnrwRr4elSSg==}
    engines: {node: '>=0.10.0'}
    dependencies:
      is-extglob: 2.1.1
    dev: true

  /is-number/7.0.0:
    resolution: {integrity: sha512-41Cifkg6e8TylSpdtTpeLVMqvSBEVzTttHvERD741+pnZ8ANv0004MRL43QKPDlK9cGvNp6NZWZUBlbGXYxxng==}
    engines: {node: '>=0.12.0'}
    dev: true

  /js-beautify/1.14.4:
    resolution: {integrity: sha512-+b4A9c3glceZEmxyIbxDOYB0ZJdReLvyU1077RqKsO4dZx9FUHjTOJn8VHwpg33QoucIykOiYbh7MfqBOghnrA==}
    engines: {node: '>=10'}
    hasBin: true
    dependencies:
      config-chain: 1.1.13
      editorconfig: 0.15.3
      glob: 7.2.3
      nopt: 5.0.0
    dev: true

  /juice/7.0.0:
    resolution: {integrity: sha512-AjKQX31KKN+uJs+zaf+GW8mBO/f/0NqSh2moTMyvwBY+4/lXIYTU8D8I2h6BAV3Xnz6GGsbalUyFqbYMe+Vh+Q==}
    engines: {node: '>=10.0.0'}
    hasBin: true
    dependencies:
      cheerio: 1.0.0-rc.10
      commander: 5.1.0
      mensch: 0.3.4
      slick: 1.12.2
      web-resource-inliner: 5.0.0
    transitivePeerDependencies:
      - encoding
    dev: true

  /lodash/4.17.21:
    resolution: {integrity: sha512-v2kDEe57lecTulaDIuNTPy3Ry4gLGJ6Z1O3vE1krgXZNrsQ+LFTGHVxVjcXPs17LhbZVGedAJv8XZ1tvj5FvSg==}
    dev: true

  /lower-case/1.1.4:
    resolution: {integrity: sha512-2Fgx1Ycm599x+WGpIYwJOvsjmXFzTSc34IwDWALRA/8AopUKAVPwfJ+h5+f85BCp0PWmmJcWzEpxOpoXycMpdA==}
    dev: true

  /lru-cache/4.1.5:
    resolution: {integrity: sha512-sWZlbEP2OsHNkXrMl5GYk/jKk70MBng6UU4YI/qGDYbgf6YbP4EvmqISbXCoJiRKs+1bSpFHVgQxvJ17F2li5g==}
    dependencies:
      pseudomap: 1.0.2
      yallist: 2.1.2
    dev: true

  /mensch/0.3.4:
    resolution: {integrity: sha512-IAeFvcOnV9V0Yk+bFhYR07O3yNina9ANIN5MoXBKYJ/RLYPurd2d0yw14MDhpr9/momp0WofT1bPUh3hkzdi/g==}
    dev: true

  /mime/2.6.0:
    resolution: {integrity: sha512-USPkMeET31rOMiarsBNIHZKLGgvKc/LrjofAnBlOttf5ajRvqiRA8QsenbcooctK6d6Ts6aqZXBA+XbkKthiQg==}
    engines: {node: '>=4.0.0'}
    hasBin: true
    dev: true

  /minimatch/3.1.2:
    resolution: {integrity: sha512-J7p63hRiAjw1NDEww1W7i37+ByIrOWO5XQQAzZ3VOcL0PNybwpfmV/N05zFAzwQ9USyEcX6t3UO+K5aqBQOIHw==}
    dependencies:
      brace-expansion: 1.1.11
    dev: true

  /mjml-accordion/4.12.0:
    resolution: {integrity: sha512-vqBk4NhXN+w6F3c5vnLxkvgneREpkwTzZpbxtMzpNqkUW2yei0oSQ26j/wLgXYTaX+4Czp+oVr0cnNxjyCZHjA==}
    dependencies:
      '@babel/runtime': 7.18.6
      lodash: 4.17.21
      mjml-core: 4.12.0
    transitivePeerDependencies:
      - encoding
    dev: true

  /mjml-body/4.12.0:
    resolution: {integrity: sha512-IQBAHhdRKsNUXat+oxvRTjVJ1qzTRkNjFe/mtD/Pbn9olUnQmV+RKxnkqRZf7QtiTxVIOGC4kU9VLPjNymsFXQ==}
    dependencies:
      '@babel/runtime': 7.18.6
      lodash: 4.17.21
      mjml-core: 4.12.0
    transitivePeerDependencies:
      - encoding
    dev: true

  /mjml-button/4.12.0:
    resolution: {integrity: sha512-XJfLP+mHvCr6Ky16ooYz5+8ODkf10+ATyvENCKyrof+rietr5WxN2FxWCZA9Orq20OE74/hvaOeZZdkxwtsXig==}
    dependencies:
      '@babel/runtime': 7.18.6
      lodash: 4.17.21
      mjml-core: 4.12.0
    transitivePeerDependencies:
      - encoding
    dev: true

  /mjml-carousel/4.12.0:
    resolution: {integrity: sha512-vQ5Aqvix9mbAE0GspxIDpKK4dVMRuKFO3qV6N/CkrIAOe4+2CKV4AMn2fWUvQEx6hA6CGxayeLkI7E0hNOWcZA==}
    dependencies:
      '@babel/runtime': 7.18.6
      lodash: 4.17.21
      mjml-core: 4.12.0
    transitivePeerDependencies:
      - encoding
    dev: true

  /mjml-cli/4.12.0:
    resolution: {integrity: sha512-//Y4XsN6aFgpZtDbQZRu4qe+CQzGWV3i5K3rC1dwPcdtpDMsXBPKiwIZFrQxpRVBwxs0hU4ZBQOMtvYZkoicdQ==}
    hasBin: true
    dependencies:
      '@babel/runtime': 7.18.6
      chokidar: 3.5.3
      glob: 7.2.3
      html-minifier: 4.0.0
      js-beautify: 1.14.4
      lodash: 4.17.21
      mjml-core: 4.12.0
      mjml-migrate: 4.12.0
      mjml-parser-xml: 4.12.0
      mjml-validator: 4.12.0
      yargs: 16.2.0
    transitivePeerDependencies:
      - encoding
    dev: true

  /mjml-column/4.12.0:
    resolution: {integrity: sha512-Ub/7ov2B1T2jfSpxvF61o3UCU4gGDFUqIelr7ghuazLc2KvTwdHYeR8mWt8l8RBM6zZiWjkYEFMP22ty7WXztg==}
    dependencies:
      '@babel/runtime': 7.18.6
      lodash: 4.17.21
      mjml-core: 4.12.0
    transitivePeerDependencies:
      - encoding
    dev: true

  /mjml-core/4.12.0:
    resolution: {integrity: sha512-B3gUkV3kFN1IlzIV3GnpWBmE21XHH5ARyydMxacR75iC53PvJ9c50hr6DWLGdrrDCC6Fdud8jTmgD9dnWPmJhQ==}
    dependencies:
      '@babel/runtime': 7.18.6
      cheerio: 1.0.0-rc.10
      detect-node: 2.0.4
      html-minifier: 4.0.0
      js-beautify: 1.14.4
      juice: 7.0.0
      lodash: 4.17.21
      mjml-migrate: 4.12.0
      mjml-parser-xml: 4.12.0
      mjml-validator: 4.12.0
    transitivePeerDependencies:
      - encoding
    dev: true

  /mjml-divider/4.12.0:
    resolution: {integrity: sha512-L87iqrhVS+PnUInYbXK4lcTQcHfWMTL7ZqDL9XEMBywzX8cCfviLNMbqmLCO2HD8nMPVMRbcE32H04T6LyZ2qw==}
    dependencies:
      '@babel/runtime': 7.18.6
      lodash: 4.17.21
      mjml-core: 4.12.0
    transitivePeerDependencies:
      - encoding
    dev: true

  /mjml-group/4.12.0:
    resolution: {integrity: sha512-Rl7Iydd7M2SnbH1ItIi07hYY+FrEai5c6kYMKbcFWAuNupCuvUThuhx1AphMPCZFMLbbPSKNWMarBkWhepS7cw==}
    dependencies:
      '@babel/runtime': 7.18.6
      lodash: 4.17.21
      mjml-core: 4.12.0
    transitivePeerDependencies:
      - encoding
    dev: true

  /mjml-head-attributes/4.12.0:
    resolution: {integrity: sha512-tRwKUzIrtcw1FGy8Xpy4vrFo0u2daZgqx3X0cM5WWrGFcKe7ZdjNEAkU/3w+WsFjeMcb0fHdKvd+sxBjPJ6fpA==}
    dependencies:
      '@babel/runtime': 7.18.6
      lodash: 4.17.21
      mjml-core: 4.12.0
    transitivePeerDependencies:
      - encoding
    dev: true

  /mjml-head-breakpoint/4.12.0:
    resolution: {integrity: sha512-BVVbvAIcIu49P1EJkEPPIY8Gu4GleyzpkdddqD3ihAPn3Pz07SEsFlHvI35eCszuaJeeMbSSxLrsF4m+aQQlvw==}
    dependencies:
      '@babel/runtime': 7.18.6
      lodash: 4.17.21
      mjml-core: 4.12.0
    transitivePeerDependencies:
      - encoding
    dev: true

  /mjml-head-font/4.12.0:
    resolution: {integrity: sha512-ja5sWbGOIr1gF/7IIPzrgOlWYiKk57BC8JWYRANV7CxNKa635sd6aBJHbzXv1A6Ph+zH5KtE0MSQCK8n49BIsw==}
    dependencies:
      '@babel/runtime': 7.18.6
      lodash: 4.17.21
      mjml-core: 4.12.0
    transitivePeerDependencies:
      - encoding
    dev: true

  /mjml-head-html-attributes/4.12.0:
    resolution: {integrity: sha512-XJesJuW9uzlNN5w/S7t5ZquSVDay7BehOKmIZKMwKn1y0SJBXiakcwt9M9hhF0HB189Bew0gpGt3m7QYvTez8g==}
    dependencies:
      '@babel/runtime': 7.18.6
      lodash: 4.17.21
      mjml-core: 4.12.0
    transitivePeerDependencies:
      - encoding
    dev: true

  /mjml-head-preview/4.12.0:
    resolution: {integrity: sha512-pr02ZkxwU6/LWhrL3xP/hLrUXx27I1FnfgaYjgvMjh6pMURuy7W+W8BrNJKeyXZo685b2A5lNFDJV7rCJ6HrEQ==}
    dependencies:
      '@babel/runtime': 7.18.6
      lodash: 4.17.21
      mjml-core: 4.12.0
    transitivePeerDependencies:
      - encoding
    dev: true

  /mjml-head-style/4.12.0:
    resolution: {integrity: sha512-64IVdJ2Xl000SrwLt4cebl+MiZcino/ywMkuLQ/c48XeR6pkvbjXYAInWsdlMG1y041n1bOZICNnQQc4xhNJrw==}
    dependencies:
      '@babel/runtime': 7.18.6
      lodash: 4.17.21
      mjml-core: 4.12.0
    transitivePeerDependencies:
      - encoding
    dev: true

  /mjml-head-title/4.12.0:
    resolution: {integrity: sha512-c7thJUmNLIdVy1ftLbYUjchHwrIfAb9SHdbuVQHdtQz45a3Ni2nie4AWxF/srn90k8q/uEKtQq1taOa4f71Zug==}
    dependencies:
      '@babel/runtime': 7.18.6
      lodash: 4.17.21
      mjml-core: 4.12.0
    transitivePeerDependencies:
      - encoding
    dev: true

  /mjml-head/4.12.0:
    resolution: {integrity: sha512-LcI4ykOB6nMV5W//tF9S1unlXxexfNZUnnyZ2OOzP1V7J5poLXdKXqB8XATN2YGGTsDZ5Q/5V1KO+NnjpW7zSw==}
    dependencies:
      '@babel/runtime': 7.18.6
      lodash: 4.17.21
      mjml-core: 4.12.0
    transitivePeerDependencies:
      - encoding
    dev: true

  /mjml-hero/4.12.0:
    resolution: {integrity: sha512-j87DgSAyLzMMuNtVqR1okkI/orKnvZoR7i+RsA1yueNql9dZtnw3Ezy8cas8MJaAoGOmqIy9AqGRJIr82w4mxQ==}
    dependencies:
      '@babel/runtime': 7.18.6
      lodash: 4.17.21
      mjml-core: 4.12.0
    transitivePeerDependencies:
      - encoding
    dev: true

  /mjml-image/4.12.0:
    resolution: {integrity: sha512-P77M+PLLNn7QvGhL8sx+6yzkQbEMxIQO3yxqUC+x8Ie8kXS8phSNGcqx8qfhdN7p7sQ3CZdOIZSXkG7RRAF94w==}
    dependencies:
      '@babel/runtime': 7.18.6
      lodash: 4.17.21
      mjml-core: 4.12.0
    transitivePeerDependencies:
      - encoding
    dev: true

  /mjml-migrate/4.12.0:
    resolution: {integrity: sha512-KDdPkuOzL9CAekY0CslM0Yqiomk4TubNMszw6UFfylp5xRA3CfBo0HdGcnewHBkZ8+isjPlzDWf3n+NkU11OiA==}
    hasBin: true
    dependencies:
      '@babel/runtime': 7.18.6
      js-beautify: 1.14.4
      lodash: 4.17.21
      mjml-core: 4.12.0
      mjml-parser-xml: 4.12.0
      yargs: 16.2.0
    transitivePeerDependencies:
      - encoding
    dev: true

  /mjml-navbar/4.12.0:
    resolution: {integrity: sha512-TWKV5lFgwUvRbG+FNz6Uo7mGPJRU/BK1v0BeQr1e5Ykft4052iYIuv2XNwRkeoORmLT+7AN8FbkP+TVBpflbWw==}
    dependencies:
      '@babel/runtime': 7.18.6
      lodash: 4.17.21
      mjml-core: 4.12.0
    transitivePeerDependencies:
      - encoding
    dev: true

  /mjml-parser-xml/4.12.0:
    resolution: {integrity: sha512-cmCcvoiirH0kuCglGAjwBVfDrlnqS3e83uBwPN6wDN6IfxSgsPT6IV0vRfcJERsr2ThpFjvoSq4GmYi9oCUSMw==}
    dependencies:
      '@babel/runtime': 7.18.6
      detect-node: 2.0.4
      htmlparser2: 4.1.0
      lodash: 4.17.21
    dev: true

  /mjml-preset-core/4.12.0:
    resolution: {integrity: sha512-zoiCKcl/bK43ltr2J8dY9Qg5fcB3TbhaWcTG84oGYWdii5WEkKTXj5hpP1ss1XqdOGMNLij/HVwmli+xQCo6FQ==}
    dependencies:
      '@babel/runtime': 7.18.6
      mjml-accordion: 4.12.0
      mjml-body: 4.12.0
      mjml-button: 4.12.0
      mjml-carousel: 4.12.0
      mjml-column: 4.12.0
      mjml-divider: 4.12.0
      mjml-group: 4.12.0
      mjml-head: 4.12.0
      mjml-head-attributes: 4.12.0
      mjml-head-breakpoint: 4.12.0
      mjml-head-font: 4.12.0
      mjml-head-html-attributes: 4.12.0
      mjml-head-preview: 4.12.0
      mjml-head-style: 4.12.0
      mjml-head-title: 4.12.0
      mjml-hero: 4.12.0
      mjml-image: 4.12.0
      mjml-navbar: 4.12.0
      mjml-raw: 4.12.0
      mjml-section: 4.12.0
      mjml-social: 4.12.0
      mjml-spacer: 4.12.0
      mjml-table: 4.12.0
      mjml-text: 4.12.0
      mjml-wrapper: 4.12.0
    transitivePeerDependencies:
      - encoding
    dev: true

  /mjml-raw/4.12.0:
    resolution: {integrity: sha512-vQUmrEZEgu0DCca7tiPdQ/vf8GM5QyeaabbLd1rX3XCt5Mid47LCdszmVcrk1WxqNuExIw1fNyEGCCDeP2qCJg==}
    dependencies:
      '@babel/runtime': 7.18.6
      lodash: 4.17.21
      mjml-core: 4.12.0
    transitivePeerDependencies:
      - encoding
    dev: true

  /mjml-section/4.12.0:
    resolution: {integrity: sha512-5BdHrAghS/XJ40t3qtLHpY3rIVuBnJXv8dGm8U+oMVAzw3L4ySk5WI+FulRkchdPFCKpeXQZjXZaX0C7pmNaIw==}
    dependencies:
      '@babel/runtime': 7.18.6
      lodash: 4.17.21
      mjml-core: 4.12.0
    transitivePeerDependencies:
      - encoding
    dev: true

  /mjml-social/4.12.0:
    resolution: {integrity: sha512-eTsqJoKP65Imawh+WEX2dv4N34ItUmvIbsCeSQPhC/NG6klxDjzg5oDA1F2tZk+CPIuXVmJiauQ5/vPHLzUiVw==}
    dependencies:
      '@babel/runtime': 7.18.6
      lodash: 4.17.21
      mjml-core: 4.12.0
    transitivePeerDependencies:
      - encoding
    dev: true

  /mjml-spacer/4.12.0:
    resolution: {integrity: sha512-YB+VCixcuWXDzICrGLFw7PJDkL166e4OG8IUUB2yhvd5VHtFFBc0iRksaEAumOL1r6MnXVCRq4Wcmxlzj7zOfQ==}
    dependencies:
      '@babel/runtime': 7.18.6
      lodash: 4.17.21
      mjml-core: 4.12.0
    transitivePeerDependencies:
      - encoding
    dev: true

  /mjml-table/4.12.0:
    resolution: {integrity: sha512-IuLvyiJOsM6RgobuIfZuM36fJcoH8pK/A4awCLTEme0HCxEkkjzDkl4RBMK/KX53Cpor0U6oR6RlQfZcducpLg==}
    dependencies:
      '@babel/runtime': 7.18.6
      lodash: 4.17.21
      mjml-core: 4.12.0
    transitivePeerDependencies:
      - encoding
    dev: true

  /mjml-text/4.12.0:
    resolution: {integrity: sha512-AFcXiQBC48ZfKKgAdU0NRS2nqftc8zLGxBtPwHNgFkuh5Lf2rWgPK6JRubNi7qhb8Sd7M8stU+LIRA5sxM1nRQ==}
    dependencies:
      '@babel/runtime': 7.18.6
      lodash: 4.17.21
      mjml-core: 4.12.0
    transitivePeerDependencies:
      - encoding
    dev: true

  /mjml-validator/4.12.0:
    resolution: {integrity: sha512-EmOScfcJJ4LdIyHnE+K4FdkryQ+c6QRV7qp+zlunAHE5AUPaBS0OrHPHuNo1sOu7g1tc+bVl7eHR4FIb0Wkzwg==}
    dependencies:
      '@babel/runtime': 7.18.6
    dev: true

  /mjml-wrapper/4.12.0:
    resolution: {integrity: sha512-u0pq+A9QBLwpeF/hdv2uWZIv3Qp4wwf+CMaHZsUpb3YfOJD/6YKwLvkeA7ngE+YxwwzgtgjmIEs4eDae1evlgQ==}
    dependencies:
      '@babel/runtime': 7.18.6
      lodash: 4.17.21
      mjml-core: 4.12.0
      mjml-section: 4.12.0
    transitivePeerDependencies:
      - encoding
    dev: true

  /mjml/4.12.0:
    resolution: {integrity: sha512-uWDu1pPQVyoX4iKIrM02J6qOBN6PC1rSMP64DKi2qGU4dpOztVgvTBh6JttIbINV4ZiALtpeGu+jeEUqp2ROXA==}
    hasBin: true
    dependencies:
      '@babel/runtime': 7.18.6
      mjml-cli: 4.12.0
      mjml-core: 4.12.0
      mjml-migrate: 4.12.0
      mjml-preset-core: 4.12.0
      mjml-validator: 4.12.0
    transitivePeerDependencies:
      - encoding
    dev: true

  /no-case/2.3.2:
    resolution: {integrity: sha512-rmTZ9kz+f3rCvK2TD1Ue/oZlns7OGoIWP4fc3llxxRXlOkHKoWPPWJOfFYpITabSow43QJbRIoHQXtt10VldyQ==}
    dependencies:
      lower-case: 1.1.4
    dev: true

  /node-fetch/2.6.7:
    resolution: {integrity: sha512-ZjMPFEfVx5j+y2yF35Kzx5sF7kDzxuDj6ziH4FFbOp87zKDZNx8yExJIb05OGF4Nlt9IHFIMBkRl41VdvcNdbQ==}
    engines: {node: 4.x || >=6.0.0}
    peerDependencies:
      encoding: ^0.1.0
    peerDependenciesMeta:
      encoding:
        optional: true
    dependencies:
      whatwg-url: 5.0.0
    dev: true

  /nopt/5.0.0:
    resolution: {integrity: sha512-Tbj67rffqceeLpcRXrT7vKAN8CwfPeIBgM7E6iBkmKLV7bEMwpGgYLGv0jACUsECaa/vuxP0IjEont6umdMgtQ==}
    engines: {node: '>=6'}
    hasBin: true
    dependencies:
      abbrev: 1.1.1
    dev: true

  /normalize-path/3.0.0:
    resolution: {integrity: sha512-6eZs5Ls3WtCisHWp9S2GUy8dqkpGi4BVSz3GaqiE6ezub0512ESztXUwUB6C6IKbQkY2Pnb/mD4WYojCRwcwLA==}
    engines: {node: '>=0.10.0'}
    dev: true

  /nth-check/2.1.1:
    resolution: {integrity: sha512-lqjrjmaOoAnWfMmBPL+XNnynZh2+swxiX3WUE0s4yEHI6m+AwrK2UZOimIRl3X/4QctVqS8AiZjFqyOGrMXb/w==}
    dependencies:
      boolbase: 1.0.0
    dev: true

  /once/1.4.0:
    resolution: {integrity: sha512-lNaJgI+2Q5URQBkccEKHTQOPaXdUxnZZElQTZY0MFUAuaEqe1E+Nyvgdz/aIyNi6Z9MzO5dv1H8n58/GELp3+w==}
    dependencies:
      wrappy: 1.0.2
    dev: true

  /param-case/2.1.1:
    resolution: {integrity: sha512-eQE845L6ot89sk2N8liD8HAuH4ca6Vvr7VWAWwt7+kvvG5aBcPmmphQ68JsEG2qa9n1TykS2DLeMt363AAH8/w==}
    dependencies:
      no-case: 2.3.2
    dev: true

  /parse5-htmlparser2-tree-adapter/6.0.1:
    resolution: {integrity: sha512-qPuWvbLgvDGilKc5BoicRovlT4MtYT6JfJyBOMDsKoiT+GiuP5qyrPCnR9HcPECIJJmZh5jRndyNThnhhb/vlA==}
    dependencies:
      parse5: 6.0.1
    dev: true

  /parse5/6.0.1:
    resolution: {integrity: sha512-Ofn/CTFzRGTTxwpNEs9PP93gXShHcTq255nzRYSKe8AkVpZY7e1fpmTfOyoIvjP5HG7Z2ZM7VS9PPhQGW2pOpw==}
    dev: true

  /path-is-absolute/1.0.1:
    resolution: {integrity: sha512-AVbw3UJ2e9bq64vSaS9Am0fje1Pa8pbGqTTsmXfaIiMpnr5DlDhfJOuLj9Sf95ZPVDAUerDfEk88MPmPe7UCQg==}
    engines: {node: '>=0.10.0'}
    dev: true

  /picomatch/2.3.1:
    resolution: {integrity: sha512-JU3teHTNjmE2VCGFzuY8EXzCDVwEqB2a8fsIvwaStHhAWJEeVd1o1QD80CU6+ZdEXXSLbSsuLwJjkCBWqRQUVA==}
    engines: {node: '>=8.6'}
    dev: true

  /proto-list/1.2.4:
    resolution: {integrity: sha512-vtK/94akxsTMhe0/cbfpR+syPuszcuwhqVjJq26CuNDgFGj682oRBXOP5MJpv2r7JtE8MsiepGIqvvOTBwn2vA==}
    dev: true

  /pseudomap/1.0.2:
    resolution: {integrity: sha512-b/YwNhb8lk1Zz2+bXXpS/LK9OisiZZ1SNsSLxN1x2OXVEhW2Ckr/7mWE5vrC1ZTiJlD9g19jWszTmJsB+oEpFQ==}
    dev: true

  /readdirp/3.6.0:
    resolution: {integrity: sha512-hOS089on8RduqdbhvQ5Z37A0ESjsqz6qnRcffsMU3495FuTdqSm+7bhJ29JvIOsBDEEnan5DPu9t3To9VRlMzA==}
    engines: {node: '>=8.10.0'}
    dependencies:
      picomatch: 2.3.1
    dev: true

  /regenerator-runtime/0.13.9:
    resolution: {integrity: sha512-p3VT+cOEgxFsRRA9X4lkI1E+k2/CtnKtU4gcxyaCUreilL/vqI6CdZ3wxVUx3UOUg+gnUOQQcRI7BmSI656MYA==}
    dev: true

  /relateurl/0.2.7:
    resolution: {integrity: sha512-G08Dxvm4iDN3MLM0EsP62EDV9IuhXPR6blNz6Utcp7zyV3tr4HVNINt6MpaRWbxoOHT3Q7YN2P+jaHX8vUbgog==}
    engines: {node: '>= 0.10'}
    dev: true

  /require-directory/2.1.1:
    resolution: {integrity: sha512-fGxEI7+wsG9xrvdjsrlmL22OMTTiHRwAMroiEeMgq8gzoLC/PQr7RsRDSTLUg/bZAZtF+TVIkHc6/4RIKrui+Q==}
    engines: {node: '>=0.10.0'}
    dev: true

  /semver/5.7.1:
    resolution: {integrity: sha512-sauaDf/PZdVgrLTNYHRtpXa1iRiKcaebiKQ1BJdpQlWH2lCvexQdX55snPFyK7QzpudqbCI0qXFfOasHdyNDGQ==}
    hasBin: true
    dev: true

  /sigmund/1.0.1:
    resolution: {integrity: sha512-fCvEXfh6NWpm+YSuY2bpXb/VIihqWA6hLsgboC+0nl71Q7N7o2eaCW8mJa/NLvQhs6jpd3VZV4UiUQlV6+lc8g==}
    dev: true

  /slick/1.12.2:
    resolution: {integrity: sha512-4qdtOGcBjral6YIBCWJ0ljFSKNLz9KkhbWtuGvUyRowl1kxfuE1x/Z/aJcaiilpb3do9bl5K7/1h9XC5wWpY/A==}
    dev: true

  /source-map/0.6.1:
    resolution: {integrity: sha512-UjgapumWlbMhkBgzT7Ykc5YXUT46F0iKu8SGXq0bcwP5dz/h0Plj6enJqjz1Zbq2l5WaqYnrVbwWOWMyF3F47g==}
    engines: {node: '>=0.10.0'}
    dev: true

  /string-width/4.2.3:
    resolution: {integrity: sha512-wKyQRQpjJ0sIp62ErSZdGsjMJWsap5oRNihHhu6G7JVO/9jIB6UyevL+tXuOqrng8j/cxKTWyWUwvSTriiZz/g==}
    engines: {node: '>=8'}
    dependencies:
      emoji-regex: 8.0.0
      is-fullwidth-code-point: 3.0.0
      strip-ansi: 6.0.1
    dev: true

  /strip-ansi/6.0.1:
    resolution: {integrity: sha512-Y38VPSHcqkFrCpFnQ9vuSXmquuv5oXOKpGeT6aGrr3o3Gc9AlVa6JBfUSOCnbxGGZF+/0ooI7KrPuUSztUdU5A==}
    engines: {node: '>=8'}
    dependencies:
      ansi-regex: 5.0.1
    dev: true

  /to-regex-range/5.0.1:
    resolution: {integrity: sha512-65P7iz6X5yEr1cwcgvQxbbIw7Uk3gOy5dIdtZ4rDveLqhrdJP+Li/Hx6tyK0NEb+2GCyneCMJiGqrADCSNk8sQ==}
    engines: {node: '>=8.0'}
    dependencies:
      is-number: 7.0.0
    dev: true

  /tr46/0.0.3:
    resolution: {integrity: sha512-N3WMsuqV66lT30CrXNbEjx4GEwlow3v6rr4mCcv6prnfwhS01rkgyFdjPNBYd9br7LpXV1+Emh01fHnq2Gdgrw==}
    dev: true

  /tslib/2.4.0:
    resolution: {integrity: sha512-d6xOpEDfsi2CZVlPQzGeux8XMwLT9hssAsaPYExaQMuYskwb+x1x7J371tWlbBdWHroy99KnVB6qIkUbs5X3UQ==}
    dev: true

  /uglify-js/3.16.2:
    resolution: {integrity: sha512-AaQNokTNgExWrkEYA24BTNMSjyqEXPSfhqoS0AxmHkCJ4U+Dyy5AvbGV/sqxuxficEfGGoX3zWw9R7QpLFfEsg==}
    engines: {node: '>=0.8.0'}
    hasBin: true
    dev: true

  /upper-case/1.1.3:
    resolution: {integrity: sha512-WRbjgmYzgXkCV7zNVpy5YgrHgbBv126rMALQQMrmzOVC4GM2waQ9x7xtm8VU+1yF2kWyPzI9zbZ48n4vSxwfSA==}
    dev: true

  /valid-data-url/3.0.1:
    resolution: {integrity: sha512-jOWVmzVceKlVVdwjNSenT4PbGghU0SBIizAev8ofZVgivk/TVHXSbNL8LP6M3spZvkR9/QolkyJavGSX5Cs0UA==}
    engines: {node: '>=10'}
    dev: true

  /web-resource-inliner/5.0.0:
    resolution: {integrity: sha512-AIihwH+ZmdHfkJm7BjSXiEClVt4zUFqX4YlFAzjL13wLtDuUneSaFvDBTbdYRecs35SiU7iNKbMnN+++wVfb6A==}
    engines: {node: '>=10.0.0'}
    dependencies:
      ansi-colors: 4.1.3
      escape-goat: 3.0.0
      htmlparser2: 4.1.0
      mime: 2.6.0
      node-fetch: 2.6.7
      valid-data-url: 3.0.1
    transitivePeerDependencies:
      - encoding
    dev: true

  /webidl-conversions/3.0.1:
    resolution: {integrity: sha512-2JAn3z8AR6rjK8Sm8orRC0h/bcl/DqL7tRPdGZ4I1CjdF+EaMLmYxBHyXuKL849eucPFhvBoxMsflfOb8kxaeQ==}
    dev: true

  /whatwg-url/5.0.0:
    resolution: {integrity: sha512-saE57nupxk6v3HY35+jzBwYa0rKSy0XR8JSxZPwgLr7ys0IBzhGviA1/TUGJLmSVqs8pb9AnvICXEuOHLprYTw==}
    dependencies:
      tr46: 0.0.3
      webidl-conversions: 3.0.1
    dev: true

  /wrap-ansi/7.0.0:
    resolution: {integrity: sha512-YVGIj2kamLSTxw6NsZjoBxfSwsn0ycdesmc4p+Q21c5zPuZ1pl+NfxVdxPtdHvmNVOQ6XSYG4AUtyt/Fi7D16Q==}
    engines: {node: '>=10'}
    dependencies:
      ansi-styles: 4.3.0
      string-width: 4.2.3
      strip-ansi: 6.0.1
    dev: true

  /wrappy/1.0.2:
    resolution: {integrity: sha512-l4Sp/DRseor9wL6EvV2+TuQn63dMkPjZ/sp9XkghTEbV9KlPS1xUsZ3u7/IQO4wxtcFB4bgpQPRcR3QCvezPcQ==}
    dev: true

  /y18n/5.0.8:
    resolution: {integrity: sha512-0pfFzegeDWJHJIAmTLRP2DwHjdF5s7jo9tuztdQxAhINCdvS+3nGINqPd00AphqJR/0LhANUS6/+7SCb98YOfA==}
    engines: {node: '>=10'}
    dev: true

  /yallist/2.1.2:
    resolution: {integrity: sha512-ncTzHV7NvsQZkYe1DW7cbDLm0YpzHmZF5r/iyP3ZnQtMiJ+pjzisCiMNI+Sj+xQF5pXhSHxSB3uDbsBTzY/c2A==}
    dev: true

  /yargs-parser/20.2.9:
    resolution: {integrity: sha512-y11nGElTIV+CT3Zv9t7VKl+Q3hTQoT9a1Qzezhhl6Rp21gJ/IVTW7Z3y9EWXhuUBC2Shnf+DX0antecpAwSP8w==}
    engines: {node: '>=10'}
    dev: true

  /yargs/16.2.0:
    resolution: {integrity: sha512-D1mvvtDG0L5ft/jGWkLpG1+m0eQxOfaBvTNELraWj22wSVUMWxZUvYgJYcKh6jGGIkJFhH4IZPQhR4TKpc8mBw==}
    engines: {node: '>=10'}
    dependencies:
      cliui: 7.0.4
      escalade: 3.1.1
      get-caller-file: 2.0.5
      require-directory: 2.1.1
      string-width: 4.2.3
      y18n: 5.0.8
      yargs-parser: 20.2.9
    dev: true
